// !$*UTF8*$!
{
	archiveVersion = 1;
	classes = {
	};
	objectVersion = 50;
	objects = {

/* Begin PBXBuildFile section */
		A211EC9022724F2D00CC0E5D /* AppDelegate.swift in Sources */ = {isa = PBXBuildFile; fileRef = A211EC8F22724F2D00CC0E5D /* AppDelegate.swift */; };
		A211EC9222724F2D00CC0E5D /* ViewController.swift in Sources */ = {isa = PBXBuildFile; fileRef = A211EC9122724F2D00CC0E5D /* ViewController.swift */; };
		A211EC9522724F2D00CC0E5D /* Main.storyboard in Resources */ = {isa = PBXBuildFile; fileRef = A211EC9322724F2D00CC0E5D /* Main.storyboard */; };
		A211EC9822724F2D00CC0E5D /* Caught_Kenny.xcdatamodeld in Sources */ = {isa = PBXBuildFile; fileRef = A211EC9622724F2D00CC0E5D /* Caught_Kenny.xcdatamodeld */; };
		A211EC9A22724F3000CC0E5D /* Assets.xcassets in Resources */ = {isa = PBXBuildFile; fileRef = A211EC9922724F3000CC0E5D /* Assets.xcassets */; };
		A211EC9D22724F3000CC0E5D /* LaunchScreen.storyboard in Resources */ = {isa = PBXBuildFile; fileRef = A211EC9B22724F3000CC0E5D /* LaunchScreen.storyboard */; };
/* End PBXBuildFile section */

/* Begin PBXFileReference section */
		A211EC8C22724F2D00CC0E5D /* Caught Kenny.app */ = {isa = PBXFileReference; explicitFileType = wrapper.application; includeInIndex = 0; path = "Caught Kenny.app"; sourceTree = BUILT_PRODUCTS_DIR; };
		A211EC8F22724F2D00CC0E5D /* AppDelegate.swift */ = {isa = PBXFileReference; lastKnownFileType = sourcecode.swift; path = AppDelegate.swift; sourceTree = "<group>"; };
		A211EC9122724F2D00CC0E5D /* ViewController.swift */ = {isa = PBXFileReference; lastKnownFileType = sourcecode.swift; path = ViewController.swift; sourceTree = "<group>"; };
		A211EC9422724F2D00CC0E5D /* Base */ = {isa = PBXFileReference; lastKnownFileType = file.storyboard; name = Base; path = Base.lproj/Main.storyboard; sourceTree = "<group>"; };
		A211EC9722724F2D00CC0E5D /* Caught_Kenny.xcdatamodel */ = {isa = PBXFileReference; lastKnownFileType = wrapper.xcdatamodel; path = Caught_Kenny.xcdatamodel; sourceTree = "<group>"; };
		A211EC9922724F3000CC0E5D /* Assets.xcassets */ = {isa = PBXFileReference; lastKnownFileType = folder.assetcatalog; path = Assets.xcassets; sourceTree = "<group>"; };
		A211EC9C22724F3000CC0E5D /* Base */ = {isa = PBXFileReference; lastKnownFileType = file.storyboard; name = Base; path = Base.lproj/LaunchScreen.storyboard; sourceTree = "<group>"; };
		A211EC9E22724F3000CC0E5D /* Info.plist */ = {isa = PBXFileReference; lastKnownFileType = text.plist.xml; path = Info.plist; sourceTree = "<group>"; };
/* End PBXFileReference section */

/* Begin PBXFrameworksBuildPhase section */
		A211EC8922724F2D00CC0E5D /* Frameworks */ = {
			isa = PBXFrameworksBuildPhase;
			buildActionMask = 2147483647;
			files = (
			);
			runOnlyForDeploymentPostprocessing = 0;
		};
/* End PBXFrameworksBuildPhase section */

/* Begin PBXGroup section */
		A211EC8322724F2D00CC0E5D = {
			isa = PBXGroup;
			children = (
				A211EC8E22724F2D00CC0E5D /* Caught Kenny */,
				A211EC8D22724F2D00CC0E5D /* Products */,
			);
			sourceTree = "<group>";
		};
		A211EC8D22724F2D00CC0E5D /* Products */ = {
			isa = PBXGroup;
			children = (
				A211EC8C22724F2D00CC0E5D /* Caught Kenny.app */,
			);
			name = Products;
			sourceTree = "<group>";
		};
		A211EC8E22724F2D00CC0E5D /* Caught Kenny */ = {
			isa = PBXGroup;
			children = (
				A211EC8F22724F2D00CC0E5D /* AppDelegate.swift */,
				A211EC9122724F2D00CC0E5D /* ViewController.swift */,
				A211EC9322724F2D00CC0E5D /* Main.storyboard */,
				A211EC9922724F3000CC0E5D /* Assets.xcassets */,
				A211EC9B22724F3000CC0E5D /* LaunchScreen.storyboard */,
				A211EC9E22724F3000CC0E5D /* Info.plist */,
				A211EC9622724F2D00CC0E5D /* Caught_Kenny.xcdatamodeld */,
			);
			path = "Caught Kenny";
			sourceTree = "<group>";
		};
/* End PBXGroup section */

/* Begin PBXNativeTarget section */
		A211EC8B22724F2D00CC0E5D /* Caught Kenny */ = {
			isa = PBXNativeTarget;
			buildConfigurationList = A211ECA122724F3000CC0E5D /* Build configuration list for PBXNativeTarget "Caught Kenny" */;
			buildPhases = (
				A211EC8822724F2D00CC0E5D /* Sources */,
				A211EC8922724F2D00CC0E5D /* Frameworks */,
				A211EC8A22724F2D00CC0E5D /* Resources */,
			);
			buildRules = (
			);
			dependencies = (
			);
			name = "Caught Kenny";
			productName = "Caught Kenny";
			productReference = A211EC8C22724F2D00CC0E5D /* Caught Kenny.app */;
			productType = "com.apple.product-type.application";
		};
/* End PBXNativeTarget section */

/* Begin PBXProject section */
		A211EC8422724F2D00CC0E5D /* Project object */ = {
			isa = PBXProject;
			attributes = {
				LastSwiftUpdateCheck = 1010;
				LastUpgradeCheck = 1010;
				ORGANIZATIONNAME = Selman;
				TargetAttributes = {
					A211EC8B22724F2D00CC0E5D = {
						CreatedOnToolsVersion = 10.1;
					};
				};
			};
			buildConfigurationList = A211EC8722724F2D00CC0E5D /* Build configuration list for PBXProject "Caught Kenny" */;
			compatibilityVersion = "Xcode 9.3";
			developmentRegion = en;
			hasScannedForEncodings = 0;
			knownRegions = (
				en,
				Base,
			);
			mainGroup = A211EC8322724F2D00CC0E5D;
			productRefGroup = A211EC8D22724F2D00CC0E5D /* Products */;
			projectDirPath = "";
			projectRoot = "";
			targets = (
				A211EC8B22724F2D00CC0E5D /* Caught Kenny */,
			);
		};
/* End PBXProject section */

/* Begin PBXResourcesBuildPhase section */
		A211EC8A22724F2D00CC0E5D /* Resources */ = {
			isa = PBXResourcesBuildPhase;
			buildActionMask = 2147483647;
			files = (
				A211EC9D22724F3000CC0E5D /* LaunchScreen.storyboard in Resources */,
				A211EC9A22724F3000CC0E5D /* Assets.xcassets in Resources */,
				A211EC9522724F2D00CC0E5D /* Main.storyboard in Resources */,
			);
			runOnlyForDeploymentPostprocessing = 0;
		};
/* End PBXResourcesBuildPhase section */

/* Begin PBXSourcesBuildPhase section */
		A211EC8822724F2D00CC0E5D /* Sources */ = {
			isa = PBXSourcesBuildPhase;
			buildActionMask = 2147483647;
			files = (
				A211EC9822724F2D00CC0E5D /* Caught_Kenny.xcdatamodeld in Sources */,
				A211EC9222724F2D00CC0E5D /* ViewController.swift in Sources */,
				A211EC9022724F2D00CC0E5D /* AppDelegate.swift in Sources */,
			);
			runOnlyForDeploymentPostprocessing = 0;
		};
/* End PBXSourcesBuildPhase section */

/* Begin PBXVariantGroup section */
		A211EC9322724F2D00CC0E5D /* Main.storyboard */ = {
			isa = PBXVariantGroup;
			children = (
				A211EC9422724F2D00CC0E5D /* Base */,
			);
			name = Main.storyboard;
			sourceTree = "<group>";
		};
		A211EC9B22724F3000CC0E5D /* LaunchScreen.storyboard */ = {
			isa = PBXVariantGroup;
			children = (
				A211EC9C22724F3000CC0E5D /* Base */,
			);
			name = LaunchScreen.storyboard;
			sourceTree = "<group>";
		};
/* End PBXVariantGroup section */

/* Begin XCBuildConfiguration section */
		A211EC9F22724F3000CC0E5D /* Debug */ = {
			isa = XCBuildConfiguration;
			buildSettings = {
				ALWAYS_SEARCH_USER_PATHS = NO;
				CLANG_ANALYZER_NONNULL = YES;
				CLANG_ANALYZER_NUMBER_OBJECT_CONVERSION = YES_AGGRESSIVE;
				CLANG_CXX_LANGUAGE_STANDARD = "gnu++14";
				CLANG_CXX_LIBRARY = "libc++";
				CLANG_ENABLE_MODULES = YES;
				CLANG_ENABLE_OBJC_ARC = YES;
				CLANG_ENABLE_OBJC_WEAK = YES;
				CLANG_WARN_BLOCK_CAPTURE_AUTORELEASING = YES;
				CLANG_WARN_BOOL_CONVERSION = YES;
				CLANG_WARN_COMMA = YES;
				CLANG_WARN_CONSTANT_CONVERSION = YES;
				CLANG_WARN_DEPRECATED_OBJC_IMPLEMENTATIONS = YES;
				CLANG_WARN_DIRECT_OBJC_ISA_USAGE = YES_ERROR;
				CLANG_WARN_DOCUMENTATION_COMMENTS = YES;
				CLANG_WARN_EMPTY_BODY = YES;
				CLANG_WARN_ENUM_CONVERSION = YES;
				CLANG_WARN_INFINITE_RECURSION = YES;
				CLANG_WARN_INT_CONVERSION = YES;
				CLANG_WARN_NON_LITERAL_NULL_CONVERSION = YES;
				CLANG_WARN_OBJC_IMPLICIT_RETAIN_SELF = YES;
				CLANG_WARN_OBJC_LITERAL_CONVERSION = YES;
				CLANG_WARN_OBJC_ROOT_CLASS = YES_ERROR;
				CLANG_WARN_RANGE_LOOP_ANALYSIS = YES;
				CLANG_WARN_STRICT_PROTOTYPES = YES;
				CLANG_WARN_SUSPICIOUS_MOVE = YES;
				CLANG_WARN_UNGUARDED_AVAILABILITY = YES_AGGRESSIVE;
				CLANG_WARN_UNREACHABLE_CODE = YES;
				CLANG_WARN__DUPLICATE_METHOD_MATCH = YES;
				CODE_SIGN_IDENTITY = "iPhone Developer";
				COPY_PHASE_STRIP = NO;
				DEBUG_INFORMATION_FORMAT = dwarf;
				ENABLE_STRICT_OBJC_MSGSEND = YES;
				ENABLE_TESTABILITY = YES;
				GCC_C_LANGUAGE_STANDARD = gnu11;
				GCC_DYNAMIC_NO_PIC = NO;
				GCC_NO_COMMON_BLOCKS = YES;
				GCC_OPTIMIZATION_LEVEL = 0;
				GCC_PREPROCESSOR_DEFINITIONS = (
					"DEBUG=1",
					"$(inherited)",
				);
				GCC_WARN_64_TO_32_BIT_CONVERSION = YES;
				GCC_WARN_ABOUT_RETURN_TYPE = YES_ERROR;
				GCC_WARN_UNDECLARED_SELECTOR = YES;
				GCC_WARN_UNINITIALIZED_AUTOS = YES_AGGRESSIVE;
				GCC_WARN_UNUSED_FUNCTION = YES;
				GCC_WARN_UNUSED_VARIABLE = YES;
				IPHONEOS_DEPLOYMENT_TARGET = 12.1;
				MTL_ENABLE_DEBUG_INFO = INCLUDE_SOURCE;
				MTL_FAST_MATH = YES;
				ONLY_ACTIVE_ARCH = YES;
				SDKROOT = iphoneos;
				SWIFT_ACTIVE_COMPILATION_CONDITIONS = DEBUG;
				SWIFT_OPTIMIZATION_LEVEL = "-Onone";
			};
			name = Debug;
		};
		A211ECA022724F3000CC0E5D /* Release */ = {
			isa = XCBuildConfiguration;
			buildSettings = {
				ALWAYS_SEARCH_USER_PATHS = NO;
				CLANG_ANALYZER_NONNULL = YES;
				CLANG_ANALYZER_NUMBER_OBJECT_CONVERSION = YES_AGGRESSIVE;
				CLANG_CXX_LANGUAGE_STANDARD = "gnu++14";
				CLANG_CXX_LIBRARY = "libc++";
				CLANG_ENABLE_MODULES = YES;
				CLANG_ENABLE_OBJC_ARC = YES;
				CLANG_ENABLE_OBJC_WEAK = YES;
				CLANG_WARN_BLOCK_CAPTURE_AUTORELEASING = YES;
				CLANG_WARN_BOOL_CONVERSION = YES;
				CLANG_WARN_COMMA = YES;
				CLANG_WARN_CONSTANT_CONVERSION = YES;
				CLANG_WARN_DEPRECATED_OBJC_IMPLEMENTATIONS = YES;
				CLANG_WARN_DIRECT_OBJC_ISA_USAGE = YES_ERROR;
				CLANG_WARN_DOCUMENTATION_COMMENTS = YES;
				CLANG_WARN_EMPTY_BODY = YES;
				CLANG_WARN_ENUM_CONVERSION = YES;
				CLANG_WARN_INFINITE_RECURSION = YES;
				CLANG_WARN_INT_CONVERSION = YES;
				CLANG_WARN_NON_LITERAL_NULL_CONVERSION = YES;
				CLANG_WARN_OBJC_IMPLICIT_RETAIN_SELF = YES;
				CLANG_WARN_OBJC_LITERAL_CONVERSION = YES;
				CLANG_WARN_OBJC_ROOT_CLASS = YES_ERROR;
				CLANG_WARN_RANGE_LOOP_ANALYSIS = YES;
				CLANG_WARN_STRICT_PROTOTYPES = YES;
				CLANG_WARN_SUSPICIOUS_MOVE = YES;
				CLANG_WARN_UNGUARDED_AVAILABILITY = YES_AGGRESSIVE;
				CLANG_WARN_UNREACHABLE_CODE = YES;
				CLANG_WARN__DUPLICATE_METHOD_MATCH = YES;
				CODE_SIGN_IDENTITY = "iPhone Developer";
				COPY_PHASE_STRIP = NO;
				DEBUG_INFORMATION_FORMAT = "dwarf-with-dsym";
				ENABLE_NS_ASSERTIONS = NO;
				ENABLE_STRICT_OBJC_MSGSEND = YES;
				GCC_C_LANGUAGE_STANDARD = gnu11;
				GCC_NO_COMMON_BLOCKS = YES;
				GCC_WARN_64_TO_32_BIT_CONVERSION = YES;
				GCC_WARN_ABOUT_RETURN_TYPE = YES_ERROR;
				GCC_WARN_UNDECLARED_SELECTOR = YES;
				GCC_WARN_UNINITIALIZED_AUTOS = YES_AGGRESSIVE;
				GCC_WARN_UNUSED_FUNCTION = YES;
				GCC_WARN_UNUSED_VARIABLE = YES;
				IPHONEOS_DEPLOYMENT_TARGET = 12.1;
				MTL_ENABLE_DEBUG_INFO = NO;
				MTL_FAST_MATH = YES;
				SDKROOT = iphoneos;
				SWIFT_COMPILATION_MODE = wholemodule;
				SWIFT_OPTIMIZATION_LEVEL = "-O";
				VALIDATE_PRODUCT = YES;
			};
			name = Release;
		};
		A211ECA222724F3000CC0E5D /* Debug */ = {
			isa = XCBuildConfiguration;
			buildSettings = {
				ASSETCATALOG_COMPILER_APPICON_NAME = AppIcon;
				CODE_SIGN_STYLE = Automatic;
				INFOPLIST_FILE = "Caught Kenny/Info.plist";
				LD_RUNPATH_SEARCH_PATHS = (
					"$(inherited)",
					"@executable_path/Frameworks",
				);
				PRODUCT_BUNDLE_IDENTIFIER = "serox.Caught-Kenny";
				PRODUCT_NAME = "$(TARGET_NAME)";
				SWIFT_VERSION = 4.2;
				TARGETED_DEVICE_FAMILY = "1,2";
			};
			name = Debug;
		};
		A211ECA322724F3000CC0E5D /* Release */ = {
			isa = XCBuildConfiguration;
			buildSettings = {
				ASSETCATALOG_COMPILER_APPICON_NAME = AppIcon;
				CODE_SIGN_STYLE = Automatic;
				INFOPLIST_FILE = "Caught Kenny/Info.plist";
				LD_RUNPATH_SEARCH_PATHS = (
					"$(inherited)",
					"@executable_path/Frameworks",
				);
				PRODUCT_BUNDLE_IDENTIFIER = "serox.Caught-Kenny";
				PRODUCT_NAME = "$(TARGET_NAME)";
				SWIFT_VERSION = 4.2;
				TARGETED_DEVICE_FAMILY = "1,2";
			};
			name = Release;
		};
/* End XCBuildConfiguration section */

/* Begin XCConfigurationList section */
		A211EC8722724F2D00CC0E5D /* Build configuration list for PBXProject "Caught Kenny" */ = {
			isa = XCConfigurationList;
			buildConfigurations = (
				A211EC9F22724F3000CC0E5D /* Debug */,
				A211ECA022724F3000CC0E5D /* Release */,
			);
			defaultConfigurationIsVisible = 0;
			defaultConfigurationName = Release;
		};
		A211ECA122724F3000CC0E5D /* Build configuration list for PBXNativeTarget "Caught Kenny" */ = {
			isa = XCConfigurationList;
			buildConfigurations = (
				A211ECA222724F3000CC0E5D /* Debug */,
				A211ECA322724F3000CC0E5D /* Release */,
			);
			defaultConfigurationIsVisible = 0;
			defaultConfigurationName = Release;
		};
/* End XCConfigurationList section */

/* Begin XCVersionGroup section */
		A211EC9622724F2D00CC0E5D /* Caught_Kenny.xcdatamodeld */ = {
			isa = XCVersionGroup;
			children = (
				A211EC9722724F2D00CC0E5D /* Caught_Kenny.xcdatamodel */,
			);
			currentVersion = A211EC9722724F2D00CC0E5D /* Caught_Kenny.xcdatamodel */;
			path = Caught_Kenny.xcdatamodeld;
			sourceTree = "<group>";
			versionGroupType = wrapper.xcdatamodel;
		};
/* End XCVersionGroup section */
	};
	rootObject = A211EC8422724F2D00CC0E5D /* Project object */;
}
